{
  "name": "bit.ai",
  "lockfileVersion": 3,
  "requires": true,
  "packages": {
    "": {
      "dependencies": {
        "@bitget-ai/getagent-skill": "^0.3.3"
      }
    },
    "node_modules/@bitget-ai/getagent-skill": {
      "version": "0.3.3",
      "resolved": "https://registry.npmjs.org/@bitget-ai/getagent-skill/-/getagent-skill-0.3.3.tgz",
      "integrity": "sha512-bfEgmuv/yiwqAm+0tSuCobWsTZJIZDRzJqSw7ew/nsAy8tHyp+Wwn46hXQB+jUvrxnRv7kP5dEUTDgY70mzrkw==",
      "license": "Proprietary",
      "bin": {
        "getagent-skill": "bin/getagent-skill.js"
      },
      "engines": {
        "node": ">=18"
      }
    }
  }
}
